GEM
  remote: https://rubygems.org/
  specs:
    connection_pool (2.5.4)
    date (3.5.0)
    elastic-transport (8.4.1)
      faraday (< 3)
      multi_json
    elasticsearch (8.19.1)
      elastic-transport (~> 8.3)
      elasticsearch-api (= 8.19.1)
    elasticsearch-api (8.19.1)
      multi_json
    faraday (2.14.0)
      faraday-net_http (>= 2.0, < 3.5)
      json
      logger
    faraday-net_http (3.4.1)
      net-http (>= 0.5.0)
    json (2.15.2)
    logger (1.7.0)
    multi_json (1.17.0)
    net-http (0.6.0)
      uri
    nio4r (2.7.4)
    psych (5.2.6)
      date
      stringio
    puma (7.1.0)
      nio4r (~> 2.0)
    rack (3.2.3)
    rake (13.3.1)
    roda (3.97.0)
      rack
    stringio (3.1.7)
    uri (1.0.4)

PLATFORMS
  arm64-darwin-24
  ruby

DEPENDENCIES
  connection_pool
  elasticsearch (~> 8.8)
  json
  psych
  puma
  rake
  roda

BUNDLED WITH
   2.6.6
